// !$*UTF8*$!
{
	archiveVersion = 1;
	classes = {
	};
	objectVersion = 50;
	objects = {

/* Begin PBXBuildFile section */
		97289F0D20B6B7900055580E /* WordCase.png in Resources */ = {isa = PBXBuildFile; fileRef = 97289F0C20B6B78F0055580E /* WordCase.png */; };
		9746F85C20A3003200DEC427 /* AppDelegate.swift in Sources */ = {isa = PBXBuildFile; fileRef = 9746F85B20A3003200DEC427 /* AppDelegate.swift */; };
		9746F86220A3003200DEC427 /* GameScene.swift in Sources */ = {isa = PBXBuildFile; fileRef = 9746F86120A3003200DEC427 /* GameScene.swift */; };
		9746F86420A3003200DEC427 /* GameViewController.swift in Sources */ = {isa = PBXBuildFile; fileRef = 9746F86320A3003200DEC427 /* GameViewController.swift */; };
		9746F86720A3003200DEC427 /* Main.storyboard in Resources */ = {isa = PBXBuildFile; fileRef = 9746F86520A3003200DEC427 /* Main.storyboard */; };
		9746F86920A3003300DEC427 /* Assets.xcassets in Resources */ = {isa = PBXBuildFile; fileRef = 9746F86820A3003300DEC427 /* Assets.xcassets */; };
		9746F87720A3003300DEC427 /* School_InvadersTests.swift in Sources */ = {isa = PBXBuildFile; fileRef = 9746F87620A3003300DEC427 /* School_InvadersTests.swift */; };
		97557E9220AD8BD6001359EA /* VocProvider.swift in Sources */ = {isa = PBXBuildFile; fileRef = 97557E9120AD8BD6001359EA /* VocProvider.swift */; };
		977FB64D20AAC28900CA884A /* MenuScene.swift in Sources */ = {isa = PBXBuildFile; fileRef = 977FB64C20AAC28900CA884A /* MenuScene.swift */; };
		9783023A20BE9439004C995B /* Student.swift in Sources */ = {isa = PBXBuildFile; fileRef = 9783023920BE9439004C995B /* Student.swift */; };
		9783023E20BE9609004C995B /* Teacher.swift in Sources */ = {isa = PBXBuildFile; fileRef = 9783023D20BE9609004C995B /* Teacher.swift */; };
		9783024020BE98B1004C995B /* Teacher1.png in Resources */ = {isa = PBXBuildFile; fileRef = 9783023F20BE98B1004C995B /* Teacher1.png */; };
		9783024220BE98B9004C995B /* Teacher2.png in Resources */ = {isa = PBXBuildFile; fileRef = 9783024120BE98B9004C995B /* Teacher2.png */; };
		9783024420BE9D10004C995B /* Student1.png in Resources */ = {isa = PBXBuildFile; fileRef = 9783024320BE9D10004C995B /* Student1.png */; };
		9783024620BE9D41004C995B /* Student2.png in Resources */ = {isa = PBXBuildFile; fileRef = 9783024520BE9D41004C995B /* Student2.png */; };
		9783024820BE9E7B004C995B /* Background.jpg in Resources */ = {isa = PBXBuildFile; fileRef = 9783024720BE9E7B004C995B /* Background.jpg */; };
		9783024A20BEAD83004C995B /* PlaneSong.mp3 in Resources */ = {isa = PBXBuildFile; fileRef = 9783024920BEAD83004C995B /* PlaneSong.mp3 */; };
		97DBB92A20AC2BA500610D0F /* Student.png in Resources */ = {isa = PBXBuildFile; fileRef = 97DBB92920AC2BA500610D0F /* Student.png */; };
		97DBB92C20AC2BAC00610D0F /* Teacher.png in Resources */ = {isa = PBXBuildFile; fileRef = 97DBB92B20AC2BAC00610D0F /* Teacher.png */; };
		97DBB92E20AC374300610D0F /* PaperPlane.png in Resources */ = {isa = PBXBuildFile; fileRef = 97DBB92D20AC374300610D0F /* PaperPlane.png */; };
		97DBB93520AC3BA800610D0F /* StudentWalk.swift in Sources */ = {isa = PBXBuildFile; fileRef = 97DBB93420AC3BA800610D0F /* StudentWalk.swift */; };
		97E993F420BD80E30030A444 /* PaperPlane.swift in Sources */ = {isa = PBXBuildFile; fileRef = 97E993F320BD80E30030A444 /* PaperPlane.swift */; };
/* End PBXBuildFile section */

/* Begin PBXContainerItemProxy section */
		9746F87320A3003300DEC427 /* PBXContainerItemProxy */ = {
			isa = PBXContainerItemProxy;
			containerPortal = 9746F85020A3003200DEC427 /* Project object */;
			proxyType = 1;
			remoteGlobalIDString = 9746F85720A3003200DEC427;
			remoteInfo = "School Invaders";
		};
/* End PBXContainerItemProxy section */

/* Begin PBXFileReference section */
		97289F0C20B6B78F0055580E /* WordCase.png */ = {isa = PBXFileReference; lastKnownFileType = image.png; path = WordCase.png; sourceTree = "<group>"; };
		9746F85820A3003200DEC427 /* School Invaders.app */ = {isa = PBXFileReference; explicitFileType = wrapper.application; includeInIndex = 0; path = "School Invaders.app"; sourceTree = BUILT_PRODUCTS_DIR; };
		9746F85B20A3003200DEC427 /* AppDelegate.swift */ = {isa = PBXFileReference; lastKnownFileType = sourcecode.swift; path = AppDelegate.swift; sourceTree = "<group>"; };
		9746F86120A3003200DEC427 /* GameScene.swift */ = {isa = PBXFileReference; lastKnownFileType = sourcecode.swift; path = GameScene.swift; sourceTree = "<group>"; };
		9746F86320A3003200DEC427 /* GameViewController.swift */ = {isa = PBXFileReference; lastKnownFileType = sourcecode.swift; path = GameViewController.swift; sourceTree = "<group>"; };
		9746F86620A3003200DEC427 /* Base */ = {isa = PBXFileReference; lastKnownFileType = file.storyboard; name = Base; path = Base.lproj/Main.storyboard; sourceTree = "<group>"; };
		9746F86820A3003300DEC427 /* Assets.xcassets */ = {isa = PBXFileReference; lastKnownFileType = folder.assetcatalog; path = Assets.xcassets; sourceTree = "<group>"; };
		9746F86D20A3003300DEC427 /* Info.plist */ = {isa = PBXFileReference; lastKnownFileType = text.plist.xml; path = Info.plist; sourceTree = "<group>"; };
		9746F87220A3003300DEC427 /* School InvadersTests.xctest */ = {isa = PBXFileReference; explicitFileType = wrapper.cfbundle; includeInIndex = 0; path = "School InvadersTests.xctest"; sourceTree = BUILT_PRODUCTS_DIR; };
		9746F87620A3003300DEC427 /* School_InvadersTests.swift */ = {isa = PBXFileReference; lastKnownFileType = sourcecode.swift; path = School_InvadersTests.swift; sourceTree = "<group>"; };
		9746F87820A3003300DEC427 /* Info.plist */ = {isa = PBXFileReference; lastKnownFileType = text.plist.xml; path = Info.plist; sourceTree = "<group>"; };
		97557E9120AD8BD6001359EA /* VocProvider.swift */ = {isa = PBXFileReference; lastKnownFileType = sourcecode.swift; path = VocProvider.swift; sourceTree = "<group>"; };
		977FB64C20AAC28900CA884A /* MenuScene.swift */ = {isa = PBXFileReference; lastKnownFileType = sourcecode.swift; path = MenuScene.swift; sourceTree = "<group>"; };
		9783023920BE9439004C995B /* Student.swift */ = {isa = PBXFileReference; lastKnownFileType = sourcecode.swift; path = Student.swift; sourceTree = "<group>"; };
		9783023D20BE9609004C995B /* Teacher.swift */ = {isa = PBXFileReference; lastKnownFileType = sourcecode.swift; path = Teacher.swift; sourceTree = "<group>"; };
		9783023F20BE98B1004C995B /* Teacher1.png */ = {isa = PBXFileReference; lastKnownFileType = image.png; path = Teacher1.png; sourceTree = "<group>"; };
		9783024120BE98B9004C995B /* Teacher2.png */ = {isa = PBXFileReference; lastKnownFileType = image.png; path = Teacher2.png; sourceTree = "<group>"; };
		9783024320BE9D10004C995B /* Student1.png */ = {isa = PBXFileReference; lastKnownFileType = image.png; path = Student1.png; sourceTree = "<group>"; };
		9783024520BE9D41004C995B /* Student2.png */ = {isa = PBXFileReference; lastKnownFileType = image.png; path = Student2.png; sourceTree = "<group>"; };
		9783024720BE9E7B004C995B /* Background.jpg */ = {isa = PBXFileReference; lastKnownFileType = image.jpeg; path = Background.jpg; sourceTree = "<group>"; };
		9783024920BEAD83004C995B /* PlaneSong.mp3 */ = {isa = PBXFileReference; lastKnownFileType = audio.mp3; path = PlaneSong.mp3; sourceTree = "<group>"; };
		97DBB92920AC2BA500610D0F /* Student.png */ = {isa = PBXFileReference; lastKnownFileType = image.png; path = Student.png; sourceTree = "<group>"; };
		97DBB92B20AC2BAC00610D0F /* Teacher.png */ = {isa = PBXFileReference; lastKnownFileType = image.png; path = Teacher.png; sourceTree = "<group>"; };
		97DBB92D20AC374300610D0F /* PaperPlane.png */ = {isa = PBXFileReference; lastKnownFileType = image.png; path = PaperPlane.png; sourceTree = "<group>"; };
		97DBB93420AC3BA800610D0F /* StudentWalk.swift */ = {isa = PBXFileReference; lastKnownFileType = sourcecode.swift; path = StudentWalk.swift; sourceTree = "<group>"; };
		97E993F320BD80E30030A444 /* PaperPlane.swift */ = {isa = PBXFileReference; lastKnownFileType = sourcecode.swift; path = PaperPlane.swift; sourceTree = "<group>"; };
/* End PBXFileReference section */

/* Begin PBXFrameworksBuildPhase section */
		9746F85520A3003200DEC427 /* Frameworks */ = {
			isa = PBXFrameworksBuildPhase;
			buildActionMask = 2147483647;
			files = (
			);
			runOnlyForDeploymentPostprocessing = 0;
		};
		9746F86F20A3003300DEC427 /* Frameworks */ = {
			isa = PBXFrameworksBuildPhase;
			buildActionMask = 2147483647;
			files = (
			);
			runOnlyForDeploymentPostprocessing = 0;
		};
/* End PBXFrameworksBuildPhase section */

/* Begin PBXGroup section */
		9746F84F20A3003200DEC427 = {
			isa = PBXGroup;
			children = (
				9746F85A20A3003200DEC427 /* School Invaders */,
				9746F87520A3003300DEC427 /* School InvadersTests */,
				977FB64920AAC10500CA884A /* Supporting Files */,
				9746F85920A3003200DEC427 /* Products */,
			);
			sourceTree = "<group>";
		};
		9746F85920A3003200DEC427 /* Products */ = {
			isa = PBXGroup;
			children = (
				9746F85820A3003200DEC427 /* School Invaders.app */,
				9746F87220A3003300DEC427 /* School InvadersTests.xctest */,
			);
			name = Products;
			path = "School InvadersTests";
			sourceTree = "<group>";
		};
		9746F85A20A3003200DEC427 /* School Invaders */ = {
			isa = PBXGroup;
			children = (
				9783023D20BE9609004C995B /* Teacher.swift */,
				9783023920BE9439004C995B /* Student.swift */,
				9746F85B20A3003200DEC427 /* AppDelegate.swift */,
				9746F86120A3003200DEC427 /* GameScene.swift */,
				97E993F320BD80E30030A444 /* PaperPlane.swift */,
				9746F86320A3003200DEC427 /* GameViewController.swift */,
				977FB64C20AAC28900CA884A /* MenuScene.swift */,
				9746F86520A3003200DEC427 /* Main.storyboard */,
				9746F86820A3003300DEC427 /* Assets.xcassets */,
				9746F86D20A3003300DEC427 /* Info.plist */,
				97DBB93420AC3BA800610D0F /* StudentWalk.swift */,
				97557E9120AD8BD6001359EA /* VocProvider.swift */,
			);
			path = "School Invaders";
			sourceTree = "<group>";
		};
		9746F87520A3003300DEC427 /* School InvadersTests */ = {
			isa = PBXGroup;
			children = (
				9746F87620A3003300DEC427 /* School_InvadersTests.swift */,
				9746F87820A3003300DEC427 /* Info.plist */,
			);
			path = "School InvadersTests";
			sourceTree = "<group>";
		};
		977FB64920AAC10500CA884A /* Supporting Files */ = {
			isa = PBXGroup;
			children = (
				9783024920BEAD83004C995B /* PlaneSong.mp3 */,
				9783024720BE9E7B004C995B /* Background.jpg */,
				9783024520BE9D41004C995B /* Student2.png */,
				9783024320BE9D10004C995B /* Student1.png */,
				9783024120BE98B9004C995B /* Teacher2.png */,
				9783023F20BE98B1004C995B /* Teacher1.png */,
				97289F0C20B6B78F0055580E /* WordCase.png */,
				97DBB92920AC2BA500610D0F /* Student.png */,
				97DBB92B20AC2BAC00610D0F /* Teacher.png */,
				97DBB92D20AC374300610D0F /* PaperPlane.png */,
			);
			path = "Supporting Files";
			sourceTree = "<group>";
		};
/* End PBXGroup section */

/* Begin PBXNativeTarget section */
		9746F85720A3003200DEC427 /* School Invaders */ = {
			isa = PBXNativeTarget;
			buildConfigurationList = 9746F87B20A3003300DEC427 /* Build configuration list for PBXNativeTarget "School Invaders" */;
			buildPhases = (
				9746F85420A3003200DEC427 /* Sources */,
				9746F85520A3003200DEC427 /* Frameworks */,
				9746F85620A3003200DEC427 /* Resources */,
			);
			buildRules = (
			);
			dependencies = (
			);
			name = "School Invaders";
			productName = "School Invaders";
			productReference = 9746F85820A3003200DEC427 /* School Invaders.app */;
			productType = "com.apple.product-type.application";
		};
		9746F87120A3003300DEC427 /* School InvadersTests */ = {
			isa = PBXNativeTarget;
			buildConfigurationList = 9746F87E20A3003300DEC427 /* Build configuration list for PBXNativeTarget "School InvadersTests" */;
			buildPhases = (
				9746F86E20A3003300DEC427 /* Sources */,
				9746F86F20A3003300DEC427 /* Frameworks */,
				9746F87020A3003300DEC427 /* Resources */,
			);
			buildRules = (
			);
			dependencies = (
				9746F87420A3003300DEC427 /* PBXTargetDependency */,
			);
			name = "School InvadersTests";
			productName = "School InvadersTests";
			productReference = 9746F87220A3003300DEC427 /* School InvadersTests.xctest */;
			productType = "com.apple.product-type.bundle.unit-test";
		};
/* End PBXNativeTarget section */

/* Begin PBXProject section */
		9746F85020A3003200DEC427 /* Project object */ = {
			isa = PBXProject;
			attributes = {
				LastSwiftUpdateCheck = 0930;
				LastUpgradeCheck = 0930;
				ORGANIZATIONNAME = "Mikel & Co";
				TargetAttributes = {
					9746F85720A3003200DEC427 = {
						CreatedOnToolsVersion = 9.3;
					};
					9746F87120A3003300DEC427 = {
						CreatedOnToolsVersion = 9.3;
						TestTargetID = 9746F85720A3003200DEC427;
					};
				};
			};
			buildConfigurationList = 9746F85320A3003200DEC427 /* Build configuration list for PBXProject "School Invaders" */;
			compatibilityVersion = "Xcode 9.3";
			developmentRegion = en;
			hasScannedForEncodings = 0;
			knownRegions = (
				en,
				Base,
			);
			mainGroup = 9746F84F20A3003200DEC427;
			productRefGroup = 9746F85920A3003200DEC427 /* Products */;
			projectDirPath = "";
			projectRoot = "";
			targets = (
				9746F85720A3003200DEC427 /* School Invaders */,
				9746F87120A3003300DEC427 /* School InvadersTests */,
			);
		};
/* End PBXProject section */

/* Begin PBXResourcesBuildPhase section */
		9746F85620A3003200DEC427 /* Resources */ = {
			isa = PBXResourcesBuildPhase;
			buildActionMask = 2147483647;
			files = (
				97DBB92A20AC2BA500610D0F /* Student.png in Resources */,
				9783024820BE9E7B004C995B /* Background.jpg in Resources */,
				9746F86720A3003200DEC427 /* Main.storyboard in Resources */,
				9783024220BE98B9004C995B /* Teacher2.png in Resources */,
				9783024420BE9D10004C995B /* Student1.png in Resources */,
				97DBB92C20AC2BAC00610D0F /* Teacher.png in Resources */,
				97DBB92E20AC374300610D0F /* PaperPlane.png in Resources */,
				9746F86920A3003300DEC427 /* Assets.xcassets in Resources */,
				9783024020BE98B1004C995B /* Teacher1.png in Resources */,
				9783024620BE9D41004C995B /* Student2.png in Resources */,
				9783024A20BEAD83004C995B /* PlaneSong.mp3 in Resources */,
				97289F0D20B6B7900055580E /* WordCase.png in Resources */,
			);
			runOnlyForDeploymentPostprocessing = 0;
		};
		9746F87020A3003300DEC427 /* Resources */ = {
			isa = PBXResourcesBuildPhase;
			buildActionMask = 2147483647;
			files = (
			);
			runOnlyForDeploymentPostprocessing = 0;
		};
/* End PBXResourcesBuildPhase section */

/* Begin PBXSourcesBuildPhase section */
		9746F85420A3003200DEC427 /* Sources */ = {
			isa = PBXSourcesBuildPhase;
			buildActionMask = 2147483647;
			files = (
				97DBB93520AC3BA800610D0F /* StudentWalk.swift in Sources */,
				9746F86220A3003200DEC427 /* GameScene.swift in Sources */,
				977FB64D20AAC28900CA884A /* MenuScene.swift in Sources */,
				97E993F420BD80E30030A444 /* PaperPlane.swift in Sources */,
				97557E9220AD8BD6001359EA /* VocProvider.swift in Sources */,
				9746F86420A3003200DEC427 /* GameViewController.swift in Sources */,
				9783023E20BE9609004C995B /* Teacher.swift in Sources */,
				9746F85C20A3003200DEC427 /* AppDelegate.swift in Sources */,
				9783023A20BE9439004C995B /* Student.swift in Sources */,
			);
			runOnlyForDeploymentPostprocessing = 0;
		};
		9746F86E20A3003300DEC427 /* Sources */ = {
			isa = PBXSourcesBuildPhase;
			buildActionMask = 2147483647;
			files = (
				9746F87720A3003300DEC427 /* School_InvadersTests.swift in Sources */,
			);
			runOnlyForDeploymentPostprocessing = 0;
		};
/* End PBXSourcesBuildPhase section */

/* Begin PBXTargetDependency section */
		9746F87420A3003300DEC427 /* PBXTargetDependency */ = {
			isa = PBXTargetDependency;
			target = 9746F85720A3003200DEC427 /* School Invaders */;
			targetProxy = 9746F87320A3003300DEC427 /* PBXContainerItemProxy */;
		};
/* End PBXTargetDependency section */

/* Begin PBXVariantGroup section */
		9746F86520A3003200DEC427 /* Main.storyboard */ = {
			isa = PBXVariantGroup;
			children = (
				9746F86620A3003200DEC427 /* Base */,
			);
			name = Main.storyboard;
			sourceTree = "<group>";
		};
/* End PBXVariantGroup section */

/* Begin XCBuildConfiguration section */
		9746F87920A3003300DEC427 /* Debug */ = {
			isa = XCBuildConfiguration;
			buildSettings = {
				ALWAYS_SEARCH_USER_PATHS = NO;
				CLANG_ANALYZER_NONNULL = YES;
				CLANG_ANALYZER_NUMBER_OBJECT_CONVERSION = YES_AGGRESSIVE;
				CLANG_CXX_LANGUAGE_STANDARD = "gnu++14";
				CLANG_CXX_LIBRARY = "libc++";
				CLANG_ENABLE_MODULES = YES;
				CLANG_ENABLE_OBJC_ARC = YES;
				CLANG_ENABLE_OBJC_WEAK = YES;
				CLANG_WARN_BLOCK_CAPTURE_AUTORELEASING = YES;
				CLANG_WARN_BOOL_CONVERSION = YES;
				CLANG_WARN_COMMA = YES;
				CLANG_WARN_CONSTANT_CONVERSION = YES;
				CLANG_WARN_DEPRECATED_OBJC_IMPLEMENTATIONS = YES;
				CLANG_WARN_DIRECT_OBJC_ISA_USAGE = YES_ERROR;
				CLANG_WARN_DOCUMENTATION_COMMENTS = YES;
				CLANG_WARN_EMPTY_BODY = YES;
				CLANG_WARN_ENUM_CONVERSION = YES;
				CLANG_WARN_INFINITE_RECURSION = YES;
				CLANG_WARN_INT_CONVERSION = YES;
				CLANG_WARN_NON_LITERAL_NULL_CONVERSION = YES;
				CLANG_WARN_OBJC_IMPLICIT_RETAIN_SELF = YES;
				CLANG_WARN_OBJC_LITERAL_CONVERSION = YES;
				CLANG_WARN_OBJC_ROOT_CLASS = YES_ERROR;
				CLANG_WARN_RANGE_LOOP_ANALYSIS = YES;
				CLANG_WARN_STRICT_PROTOTYPES = YES;
				CLANG_WARN_SUSPICIOUS_MOVE = YES;
				CLANG_WARN_UNGUARDED_AVAILABILITY = YES_AGGRESSIVE;
				CLANG_WARN_UNREACHABLE_CODE = YES;
				CLANG_WARN__DUPLICATE_METHOD_MATCH = YES;
				CODE_SIGN_IDENTITY = "iPhone Developer";
				COPY_PHASE_STRIP = NO;
				DEBUG_INFORMATION_FORMAT = dwarf;
				ENABLE_STRICT_OBJC_MSGSEND = YES;
				ENABLE_TESTABILITY = YES;
				GCC_C_LANGUAGE_STANDARD = gnu11;
				GCC_DYNAMIC_NO_PIC = NO;
				GCC_NO_COMMON_BLOCKS = YES;
				GCC_OPTIMIZATION_LEVEL = 0;
				GCC_PREPROCESSOR_DEFINITIONS = (
					"DEBUG=1",
					"$(inherited)",
				);
				GCC_WARN_64_TO_32_BIT_CONVERSION = YES;
				GCC_WARN_ABOUT_RETURN_TYPE = YES_ERROR;
				GCC_WARN_UNDECLARED_SELECTOR = YES;
				GCC_WARN_UNINITIALIZED_AUTOS = YES_AGGRESSIVE;
				GCC_WARN_UNUSED_FUNCTION = YES;
				GCC_WARN_UNUSED_VARIABLE = YES;
				IPHONEOS_DEPLOYMENT_TARGET = 11.3;
				MTL_ENABLE_DEBUG_INFO = YES;
				ONLY_ACTIVE_ARCH = YES;
				SDKROOT = iphoneos;
				SWIFT_ACTIVE_COMPILATION_CONDITIONS = DEBUG;
				SWIFT_OPTIMIZATION_LEVEL = "-Onone";
			};
			name = Debug;
		};
		9746F87A20A3003300DEC427 /* Release */ = {
			isa = XCBuildConfiguration;
			buildSettings = {
				ALWAYS_SEARCH_USER_PATHS = NO;
				CLANG_ANALYZER_NONNULL = YES;
				CLANG_ANALYZER_NUMBER_OBJECT_CONVERSION = YES_AGGRESSIVE;
				CLANG_CXX_LANGUAGE_STANDARD = "gnu++14";
				CLANG_CXX_LIBRARY = "libc++";
				CLANG_ENABLE_MODULES = YES;
				CLANG_ENABLE_OBJC_ARC = YES;
				CLANG_ENABLE_OBJC_WEAK = YES;
				CLANG_WARN_BLOCK_CAPTURE_AUTORELEASING = YES;
				CLANG_WARN_BOOL_CONVERSION = YES;
				CLANG_WARN_COMMA = YES;
				CLANG_WARN_CONSTANT_CONVERSION = YES;
				CLANG_WARN_DEPRECATED_OBJC_IMPLEMENTATIONS = YES;
				CLANG_WARN_DIRECT_OBJC_ISA_USAGE = YES_ERROR;
				CLANG_WARN_DOCUMENTATION_COMMENTS = YES;
				CLANG_WARN_EMPTY_BODY = YES;
				CLANG_WARN_ENUM_CONVERSION = YES;
				CLANG_WARN_INFINITE_RECURSION = YES;
				CLANG_WARN_INT_CONVERSION = YES;
				CLANG_WARN_NON_LITERAL_NULL_CONVERSION = YES;
				CLANG_WARN_OBJC_IMPLICIT_RETAIN_SELF = YES;
				CLANG_WARN_OBJC_LITERAL_CONVERSION = YES;
				CLANG_WARN_OBJC_ROOT_CLASS = YES_ERROR;
				CLANG_WARN_RANGE_LOOP_ANALYSIS = YES;
				CLANG_WARN_STRICT_PROTOTYPES = YES;
				CLANG_WARN_SUSPICIOUS_MOVE = YES;
				CLANG_WARN_UNGUARDED_AVAILABILITY = YES_AGGRESSIVE;
				CLANG_WARN_UNREACHABLE_CODE = YES;
				CLANG_WARN__DUPLICATE_METHOD_MATCH = YES;
				CODE_SIGN_IDENTITY = "iPhone Developer";
				COPY_PHASE_STRIP = NO;
				DEBUG_INFORMATION_FORMAT = "dwarf-with-dsym";
				ENABLE_NS_ASSERTIONS = NO;
				ENABLE_STRICT_OBJC_MSGSEND = YES;
				GCC_C_LANGUAGE_STANDARD = gnu11;
				GCC_NO_COMMON_BLOCKS = YES;
				GCC_WARN_64_TO_32_BIT_CONVERSION = YES;
				GCC_WARN_ABOUT_RETURN_TYPE = YES_ERROR;
				GCC_WARN_UNDECLARED_SELECTOR = YES;
				GCC_WARN_UNINITIALIZED_AUTOS = YES_AGGRESSIVE;
				GCC_WARN_UNUSED_FUNCTION = YES;
				GCC_WARN_UNUSED_VARIABLE = YES;
				IPHONEOS_DEPLOYMENT_TARGET = 11.3;
				MTL_ENABLE_DEBUG_INFO = NO;
				SDKROOT = iphoneos;
				SWIFT_COMPILATION_MODE = wholemodule;
				SWIFT_OPTIMIZATION_LEVEL = "-O";
				VALIDATE_PRODUCT = YES;
			};
			name = Release;
		};
		9746F87C20A3003300DEC427 /* Debug */ = {
			isa = XCBuildConfiguration;
			buildSettings = {
				ASSETCATALOG_COMPILER_APPICON_NAME = AppIcon;
				CODE_SIGN_STYLE = Automatic;
				DEVELOPMENT_TEAM = LPYEM8V397;
				INFOPLIST_FILE = "School Invaders/Info.plist";
				IPHONEOS_DEPLOYMENT_TARGET = 10.3;
				LD_RUNPATH_SEARCH_PATHS = (
					"$(inherited)",
					"@executable_path/Frameworks",
				);
				PRODUCT_BUNDLE_IDENTIFIER = "MKCO.School-Invaders";
				PRODUCT_NAME = "$(TARGET_NAME)";
				SWIFT_VERSION = 4.0;
				TARGETED_DEVICE_FAMILY = "1,2";
			};
			name = Debug;
		};
		9746F87D20A3003300DEC427 /* Release */ = {
			isa = XCBuildConfiguration;
			buildSettings = {
				ASSETCATALOG_COMPILER_APPICON_NAME = AppIcon;
				CODE_SIGN_STYLE = Automatic;
				DEVELOPMENT_TEAM = LPYEM8V397;
				INFOPLIST_FILE = "School Invaders/Info.plist";
				IPHONEOS_DEPLOYMENT_TARGET = 10.3;
				LD_RUNPATH_SEARCH_PATHS = (
					"$(inherited)",
					"@executable_path/Frameworks",
				);
				PRODUCT_BUNDLE_IDENTIFIER = "MKCO.School-Invaders";
				PRODUCT_NAME = "$(TARGET_NAME)";
				SWIFT_VERSION = 4.0;
				TARGETED_DEVICE_FAMILY = "1,2";
			};
			name = Release;
		};
		9746F87F20A3003300DEC427 /* Debug */ = {
			isa = XCBuildConfiguration;
			buildSettings = {
				ALWAYS_EMBED_SWIFT_STANDARD_LIBRARIES = YES;
				BUNDLE_LOADER = "$(TEST_HOST)";
				CODE_SIGN_STYLE = Automatic;
				INFOPLIST_FILE = "School InvadersTests/Info.plist";
				LD_RUNPATH_SEARCH_PATHS = (
					"$(inherited)",
					"@executable_path/Frameworks",
					"@loader_path/Frameworks",
				);
				PRODUCT_BUNDLE_IDENTIFIER = "MKCO.School-InvadersTests";
				PRODUCT_NAME = "$(TARGET_NAME)";
				SWIFT_VERSION = 4.0;
				TARGETED_DEVICE_FAMILY = "1,2";
				TEST_HOST = "$(BUILT_PRODUCTS_DIR)/School Invaders.app/School Invaders";
			};
			name = Debug;
		};
		9746F88020A3003300DEC427 /* Release */ = {
			isa = XCBuildConfiguration;
			buildSettings = {
				ALWAYS_EMBED_SWIFT_STANDARD_LIBRARIES = YES;
				BUNDLE_LOADER = "$(TEST_HOST)";
				CODE_SIGN_STYLE = Automatic;
				INFOPLIST_FILE = "School InvadersTests/Info.plist";
				LD_RUNPATH_SEARCH_PATHS = (
					"$(inherited)",
					"@executable_path/Frameworks",
					"@loader_path/Frameworks",
				);
				PRODUCT_BUNDLE_IDENTIFIER = "MKCO.School-InvadersTests";
				PRODUCT_NAME = "$(TARGET_NAME)";
				SWIFT_VERSION = 4.0;
				TARGETED_DEVICE_FAMILY = "1,2";
				TEST_HOST = "$(BUILT_PRODUCTS_DIR)/School Invaders.app/School Invaders";
			};
			name = Release;
		};
/* End XCBuildConfiguration section */

/* Begin XCConfigurationList section */
		9746F85320A3003200DEC427 /* Build configuration list for PBXProject "School Invaders" */ = {
			isa = XCConfigurationList;
			buildConfigurations = (
				9746F87920A3003300DEC427 /* Debug */,
				9746F87A20A3003300DEC427 /* Release */,
			);
			defaultConfigurationIsVisible = 0;
			defaultConfigurationName = Release;
		};
		9746F87B20A3003300DEC427 /* Build configuration list for PBXNativeTarget "School Invaders" */ = {
			isa = XCConfigurationList;
			buildConfigurations = (
				9746F87C20A3003300DEC427 /* Debug */,
				9746F87D20A3003300DEC427 /* Release */,
			);
			defaultConfigurationIsVisible = 0;
			defaultConfigurationName = Release;
		};
		9746F87E20A3003300DEC427 /* Build configuration list for PBXNativeTarget "School InvadersTests" */ = {
			isa = XCConfigurationList;
			buildConfigurations = (
				9746F87F20A3003300DEC427 /* Debug */,
				9746F88020A3003300DEC427 /* Release */,
			);
			defaultConfigurationIsVisible = 0;
			defaultConfigurationName = Release;
		};
/* End XCConfigurationList section */
	};
	rootObject = 9746F85020A3003200DEC427 /* Project object */;
}
